
Microsoft Visual Studio Solution File, Format Version 12.00
Project("{FAE04EC0-301F-11D3-BF4B-00C04F79EFBC}") = "Cryptopedia", "Cryptopedia\Cryptopedia.csproj", "{6659F0F1-49E6-4A13-B862-E2E8C40BEB4C}"
EndProject
Global
	GlobalSection(SolutionConfigurationPlatforms) = preSolution
		Debug|Any CPU = Debug|Any CPU
		Release|Any CPU = Release|Any CPU
	EndGlobalSection
	GlobalSection(ProjectConfigurationPlatforms) = postSolution
		{6659F0F1-49E6-4A13-B862-E2E8C40BEB4C}.Debug|Any CPU.ActiveCfg = Debug|Any CPU
		{6659F0F1-49E6-4A13-B862-E2E8C40BEB4C}.Debug|Any CPU.Build.0 = Debug|Any CPU
		{6659F0F1-49E6-4A13-B862-E2E8C40BEB4C}.Release|Any CPU.ActiveCfg = Release|Any CPU
		{6659F0F1-49E6-4A13-B862-E2E8C40BEB4C}.Release|Any CPU.Build.0 = Release|Any CPU
	EndGlobalSection
EndGlobal
